
Microsoft Visual Studio Solution File, Format Version 12.00
# Visual Studio Version 17
VisualStudioVersion = 17.13.35605.110 d17.13
MinimumVisualStudioVersion = 10.0.40219.1
Project("{FAE04EC0-301F-11D3-BF4B-00C04F79EFBC}") = "C# OOP", "C# OOP\C# OOP.csproj", "{3597438D-0902-41A3-8A8B-D56CE152ADCF}"
EndProject
Global
	GlobalSection(SolutionConfigurationPlatforms) = preSolution
		Debug|Any CPU = Debug|Any CPU
		Release|Any CPU = Release|Any CPU
	EndGlobalSection
	GlobalSection(ProjectConfigurationPlatforms) = postSolution
		{3597438D-0902-41A3-8A8B-D56CE152ADCF}.Debug|Any CPU.ActiveCfg = Debug|Any CPU
		{3597438D-0902-41A3-8A8B-D56CE152ADCF}.Debug|Any CPU.Build.0 = Debug|Any CPU
		{3597438D-0902-41A3-8A8B-D56CE152ADCF}.Release|Any CPU.ActiveCfg = Release|Any CPU
		{3597438D-0902-41A3-8A8B-D56CE152ADCF}.Release|Any CPU.Build.0 = Release|Any CPU
	EndGlobalSection
	GlobalSection(SolutionProperties) = preSolution
		HideSolutionNode = FALSE
	EndGlobalSection
	GlobalSection(ExtensibilityGlobals) = postSolution
		SolutionGuid = {8EDC0085-11A4-4DE0-9D31-348E1DE5AD99}
	EndGlobalSection
EndGlobal
